
Microsoft Visual Studio Solution File, Format Version 12.00
# Visual Studio Version 16
VisualStudioVersion = 16.0.29509.3
MinimumVisualStudioVersion = 10.0.40219.1
Project("{2150E333-8FDC-42A3-9474-1A3956D46DE8}") = "src", "src", "{D3301A87-4CD0-46B8-9079-AB265499E72E}"
EndProject
Project("{9A19103F-16F7-4668-BE54-9A1E7A4F7556}") = "GAC.Warehouse", "src\GAC.Warehouse\GAC.Warehouse.csproj", "{1A28DDB6-A256-4FAE-8705-BEE7D0BDB6C9}"
EndProject
Project("{FAE04EC0-301F-11D3-BF4B-00C04F79EFBC}") = "UnitTest", "UnitTest\UnitTest.csproj", "{D4AB5A7F-917A-4527-8495-BC7C542ED51F}"
EndProject
Global
	GlobalSection(SolutionConfigurationPlatforms) = preSolution
		Debug|Any CPU = Debug|Any CPU
		Debug|x64 = Debug|x64
		Debug|x86 = Debug|x86
		Release|Any CPU = Release|Any CPU
		Release|x64 = Release|x64
		Release|x86 = Release|x86
	EndGlobalSection
	GlobalSection(ProjectConfigurationPlatforms) = postSolution
		{1A28DDB6-A256-4FAE-8705-BEE7D0BDB6C9}.Debug|Any CPU.ActiveCfg = Debug|Any CPU
		{1A28DDB6-A256-4FAE-8705-BEE7D0BDB6C9}.Debug|Any CPU.Build.0 = Debug|Any CPU
		{1A28DDB6-A256-4FAE-8705-BEE7D0BDB6C9}.Debug|x64.ActiveCfg = Debug|Any CPU
		{1A28DDB6-A256-4FAE-8705-BEE7D0BDB6C9}.Debug|x64.Build.0 = Debug|Any CPU
		{1A28DDB6-A256-4FAE-8705-BEE7D0BDB6C9}.Debug|x86.ActiveCfg = Debug|Any CPU
		{1A28DDB6-A256-4FAE-8705-BEE7D0BDB6C9}.Debug|x86.Build.0 = Debug|Any CPU
		{1A28DDB6-A256-4FAE-8705-BEE7D0BDB6C9}.Release|Any CPU.ActiveCfg = Release|Any CPU
		{1A28DDB6-A256-4FAE-8705-BEE7D0BDB6C9}.Release|Any CPU.Build.0 = Release|Any CPU
		{1A28DDB6-A256-4FAE-8705-BEE7D0BDB6C9}.Release|x64.ActiveCfg = Release|Any CPU
		{1A28DDB6-A256-4FAE-8705-BEE7D0BDB6C9}.Release|x64.Build.0 = Release|Any CPU
		{1A28DDB6-A256-4FAE-8705-BEE7D0BDB6C9}.Release|x86.ActiveCfg = Release|Any CPU
		{1A28DDB6-A256-4FAE-8705-BEE7D0BDB6C9}.Release|x86.Build.0 = Release|Any CPU
		{D4AB5A7F-917A-4527-8495-BC7C542ED51F}.Debug|Any CPU.ActiveCfg = Debug|Any CPU
		{D4AB5A7F-917A-4527-8495-BC7C542ED51F}.Debug|Any CPU.Build.0 = Debug|Any CPU
		{D4AB5A7F-917A-4527-8495-BC7C542ED51F}.Debug|x64.ActiveCfg = Debug|Any CPU
		{D4AB5A7F-917A-4527-8495-BC7C542ED51F}.Debug|x64.Build.0 = Debug|Any CPU
		{D4AB5A7F-917A-4527-8495-BC7C542ED51F}.Debug|x86.ActiveCfg = Debug|Any CPU
		{D4AB5A7F-917A-4527-8495-BC7C542ED51F}.Debug|x86.Build.0 = Debug|Any CPU
		{D4AB5A7F-917A-4527-8495-BC7C542ED51F}.Release|Any CPU.ActiveCfg = Release|Any CPU
		{D4AB5A7F-917A-4527-8495-BC7C542ED51F}.Release|Any CPU.Build.0 = Release|Any CPU
		{D4AB5A7F-917A-4527-8495-BC7C542ED51F}.Release|x64.ActiveCfg = Release|Any CPU
		{D4AB5A7F-917A-4527-8495-BC7C542ED51F}.Release|x64.Build.0 = Release|Any CPU
		{D4AB5A7F-917A-4527-8495-BC7C542ED51F}.Release|x86.ActiveCfg = Release|Any CPU
		{D4AB5A7F-917A-4527-8495-BC7C542ED51F}.Release|x86.Build.0 = Release|Any CPU
	EndGlobalSection
	GlobalSection(SolutionProperties) = preSolution
		HideSolutionNode = FALSE
	EndGlobalSection
	GlobalSection(NestedProjects) = preSolution
		{1A28DDB6-A256-4FAE-8705-BEE7D0BDB6C9} = {D3301A87-4CD0-46B8-9079-AB265499E72E}
	EndGlobalSection
	GlobalSection(ExtensibilityGlobals) = postSolution
		SolutionGuid = {700CC72B-1229-4AA2-AF98-905CB4B8F093}
	EndGlobalSection
EndGlobal
